
Microsoft Visual Studio Solution File, Format Version 12.00
# Visual Studio 2013
VisualStudioVersion = 12.0.31101.0
MinimumVisualStudioVersion = 10.0.40219.1
Project("{F2A71F9B-5D33-465A-A702-920D77279786}") = "ExtCore", "ExtCore\ExtCore.fsproj", "{AE097A63-ECC1-43FC-98CD-EF943B690012}"
EndProject
Project("{F2A71F9B-5D33-465A-A702-920D77279786}") = "ExtCore.Tests", "ExtCore.Tests\ExtCore.Tests.fsproj", "{85B78E3D-ABFD-4A79-A9F7-26B586C56A94}"
EndProject
Global
	GlobalSection(SolutionConfigurationPlatforms) = preSolution
		Debug (net40)|Any CPU = Debug (net40)|Any CPU
		Debug (net45)|Any CPU = Debug (net45)|Any CPU
		Debug (profile7)|Any CPU = Debug (profile7)|Any CPU
		Debug (profile47)|Any CPU = Debug (profile47)|Any CPU
		Debug (profile78)|Any CPU = Debug (profile78)|Any CPU
		Debug (profile259)|Any CPU = Debug (profile259)|Any CPU
		Release (net40)|Any CPU = Release (net40)|Any CPU
		Release (net45)|Any CPU = Release (net45)|Any CPU
		Release (profile7)|Any CPU = Release (profile7)|Any CPU
		Release (profile47)|Any CPU = Release (profile47)|Any CPU
		Release (profile78)|Any CPU = Release (profile78)|Any CPU
		Release (profile259)|Any CPU = Release (profile259)|Any CPU
	EndGlobalSection
	GlobalSection(ProjectConfigurationPlatforms) = postSolution
		{AE097A63-ECC1-43FC-98CD-EF943B690012}.Debug (net40)|Any CPU.ActiveCfg = Debug|Any CPU
		{AE097A63-ECC1-43FC-98CD-EF943B690012}.Debug (net40)|Any CPU.Build.0 = Debug|Any CPU
		{85B78E3D-ABFD-4A79-A9F7-26B586C56A94}.Debug (net40)|Any CPU.ActiveCfg = Debug|Any CPU
		{85B78E3D-ABFD-4A79-A9F7-26B586C56A94}.Debug (net40)|Any CPU.Build.0 = Debug|Any CPU
	EndGlobalSection
	GlobalSection(SolutionProperties) = preSolution
		HideSolutionNode = FALSE
	EndGlobalSection
EndGlobal
